
Microsoft Visual Studio Solution File, Format Version 12.00
# Visual Studio 15
VisualStudioVersion = 15.0.28010.2003
MinimumVisualStudioVersion = 10.0.40219.1
Project("{FAE04EC0-301F-11D3-BF4B-00C04F79EFBC}") = "Senai.LanHouse.Web.Razor", "Senai.LanHouse.Web.Razor\Senai.LanHouse.Web.Razor.csproj", "{970FFE0B-775C-4406-ADBA-300A346077C2}"
EndProject
Global
	GlobalSection(SolutionConfigurationPlatforms) = preSolution
		Debug|Any CPU = Debug|Any CPU
		Release|Any CPU = Release|Any CPU
	EndGlobalSection
	GlobalSection(ProjectConfigurationPlatforms) = postSolution
		{970FFE0B-775C-4406-ADBA-300A346077C2}.Debug|Any CPU.ActiveCfg = Debug|Any CPU
		{970FFE0B-775C-4406-ADBA-300A346077C2}.Debug|Any CPU.Build.0 = Debug|Any CPU
		{970FFE0B-775C-4406-ADBA-300A346077C2}.Release|Any CPU.ActiveCfg = Release|Any CPU
		{970FFE0B-775C-4406-ADBA-300A346077C2}.Release|Any CPU.Build.0 = Release|Any CPU
	EndGlobalSection
	GlobalSection(SolutionProperties) = preSolution
		HideSolutionNode = FALSE
	EndGlobalSection
	GlobalSection(ExtensibilityGlobals) = postSolution
		SolutionGuid = {C61414A0-DA6A-4673-99C1-E304FBAF248C}
	EndGlobalSection
EndGlobal
